
Microsoft Visual Studio Solution File, Format Version 12.00
# Visual Studio 15
VisualStudioVersion = 15.0.26124.0
MinimumVisualStudioVersion = 15.0.26124.0
Project("{FAE04EC0-301F-11D3-BF4B-00C04F79EFBC}") = "StringLibrary", "StringLibrary\StringLibrary.csproj", "{020794BA-F020-432F-9DD5-AAE9017939A9}"
EndProject
Project("{FAE04EC0-301F-11D3-BF4B-00C04F79EFBC}") = "ShowCase", "ShowCase\ShowCase.csproj", "{B29BA654-65B7-4A72-8B9C-0D444A2BCF09}"
EndProject
Project("{FAE04EC0-301F-11D3-BF4B-00C04F79EFBC}") = "StringLibraryTest", "StringLibraryTest\StringLibraryTest.csproj", "{F85C2097-BEA2-4F55-B9F3-65EEACF28D40}"
EndProject
Global
	GlobalSection(SolutionConfigurationPlatforms) = preSolution
		Debug|Any CPU = Debug|Any CPU
		Debug|x64 = Debug|x64
		Debug|x86 = Debug|x86
		Release|Any CPU = Release|Any CPU
		Release|x64 = Release|x64
		Release|x86 = Release|x86
	EndGlobalSection
	GlobalSection(SolutionProperties) = preSolution
		HideSolutionNode = FALSE
	EndGlobalSection
	GlobalSection(ProjectConfigurationPlatforms) = postSolution
		{020794BA-F020-432F-9DD5-AAE9017939A9}.Debug|Any CPU.ActiveCfg = Debug|Any CPU
		{020794BA-F020-432F-9DD5-AAE9017939A9}.Debug|Any CPU.Build.0 = Debug|Any CPU
		{020794BA-F020-432F-9DD5-AAE9017939A9}.Debug|x64.ActiveCfg = Debug|Any CPU
		{020794BA-F020-432F-9DD5-AAE9017939A9}.Debug|x64.Build.0 = Debug|Any CPU
		{020794BA-F020-432F-9DD5-AAE9017939A9}.Debug|x86.ActiveCfg = Debug|Any CPU
		{020794BA-F020-432F-9DD5-AAE9017939A9}.Debug|x86.Build.0 = Debug|Any CPU
		{020794BA-F020-432F-9DD5-AAE9017939A9}.Release|Any CPU.ActiveCfg = Release|Any CPU
		{020794BA-F020-432F-9DD5-AAE9017939A9}.Release|Any CPU.Build.0 = Release|Any CPU
		{020794BA-F020-432F-9DD5-AAE9017939A9}.Release|x64.ActiveCfg = Release|Any CPU
		{020794BA-F020-432F-9DD5-AAE9017939A9}.Release|x64.Build.0 = Release|Any CPU
		{020794BA-F020-432F-9DD5-AAE9017939A9}.Release|x86.ActiveCfg = Release|Any CPU
		{020794BA-F020-432F-9DD5-AAE9017939A9}.Release|x86.Build.0 = Release|Any CPU
		{B29BA654-65B7-4A72-8B9C-0D444A2BCF09}.Debug|Any CPU.ActiveCfg = Debug|Any CPU
		{B29BA654-65B7-4A72-8B9C-0D444A2BCF09}.Debug|Any CPU.Build.0 = Debug|Any CPU
		{B29BA654-65B7-4A72-8B9C-0D444A2BCF09}.Debug|x64.ActiveCfg = Debug|Any CPU
		{B29BA654-65B7-4A72-8B9C-0D444A2BCF09}.Debug|x64.Build.0 = Debug|Any CPU
		{B29BA654-65B7-4A72-8B9C-0D444A2BCF09}.Debug|x86.ActiveCfg = Debug|Any CPU
		{B29BA654-65B7-4A72-8B9C-0D444A2BCF09}.Debug|x86.Build.0 = Debug|Any CPU
		{B29BA654-65B7-4A72-8B9C-0D444A2BCF09}.Release|Any CPU.ActiveCfg = Release|Any CPU
		{B29BA654-65B7-4A72-8B9C-0D444A2BCF09}.Release|Any CPU.Build.0 = Release|Any CPU
		{B29BA654-65B7-4A72-8B9C-0D444A2BCF09}.Release|x64.ActiveCfg = Release|Any CPU
		{B29BA654-65B7-4A72-8B9C-0D444A2BCF09}.Release|x64.Build.0 = Release|Any CPU
		{B29BA654-65B7-4A72-8B9C-0D444A2BCF09}.Release|x86.ActiveCfg = Release|Any CPU
		{B29BA654-65B7-4A72-8B9C-0D444A2BCF09}.Release|x86.Build.0 = Release|Any CPU
		{F85C2097-BEA2-4F55-B9F3-65EEACF28D40}.Debug|Any CPU.ActiveCfg = Debug|Any CPU
		{F85C2097-BEA2-4F55-B9F3-65EEACF28D40}.Debug|Any CPU.Build.0 = Debug|Any CPU
		{F85C2097-BEA2-4F55-B9F3-65EEACF28D40}.Debug|x64.ActiveCfg = Debug|Any CPU
		{F85C2097-BEA2-4F55-B9F3-65EEACF28D40}.Debug|x64.Build.0 = Debug|Any CPU
		{F85C2097-BEA2-4F55-B9F3-65EEACF28D40}.Debug|x86.ActiveCfg = Debug|Any CPU
		{F85C2097-BEA2-4F55-B9F3-65EEACF28D40}.Debug|x86.Build.0 = Debug|Any CPU
		{F85C2097-BEA2-4F55-B9F3-65EEACF28D40}.Release|Any CPU.ActiveCfg = Release|Any CPU
		{F85C2097-BEA2-4F55-B9F3-65EEACF28D40}.Release|Any CPU.Build.0 = Release|Any CPU
		{F85C2097-BEA2-4F55-B9F3-65EEACF28D40}.Release|x64.ActiveCfg = Release|Any CPU
		{F85C2097-BEA2-4F55-B9F3-65EEACF28D40}.Release|x64.Build.0 = Release|Any CPU
		{F85C2097-BEA2-4F55-B9F3-65EEACF28D40}.Release|x86.ActiveCfg = Release|Any CPU
		{F85C2097-BEA2-4F55-B9F3-65EEACF28D40}.Release|x86.Build.0 = Release|Any CPU
	EndGlobalSection
EndGlobal
